
Microsoft Visual Studio Solution File, Format Version 12.00
# Visual Studio Version 16
VisualStudioVersion = 16.0.29709.97
MinimumVisualStudioVersion = 10.0.40219.1
Project("{9A19103F-16F7-4668-BE54-9A1E7A4F7556}") = "RYoshiga.Demo.FunctionApp", "RYoshiga.Demo.FunctionApp\RYoshiga.Demo.FunctionApp.csproj", "{BA96FEC0-3181-4088-B7FF-AA17F72D56A5}"
EndProject
Project("{FAE04EC0-301F-11D3-BF4B-00C04F79EFBC}") = "RYoshiga.Demo.WebApi", "RYoshiga.Demo.WebApi\RYoshiga.Demo.WebApi.csproj", "{CD79C225-1BE4-4330-81F9-5645314B88C3}"
EndProject
Global
	GlobalSection(SolutionConfigurationPlatforms) = preSolution
		Debug|Any CPU = Debug|Any CPU
		Release|Any CPU = Release|Any CPU
	EndGlobalSection
	GlobalSection(ProjectConfigurationPlatforms) = postSolution
		{BA96FEC0-3181-4088-B7FF-AA17F72D56A5}.Debug|Any CPU.ActiveCfg = Debug|Any CPU
		{BA96FEC0-3181-4088-B7FF-AA17F72D56A5}.Debug|Any CPU.Build.0 = Debug|Any CPU
		{BA96FEC0-3181-4088-B7FF-AA17F72D56A5}.Release|Any CPU.ActiveCfg = Release|Any CPU
		{BA96FEC0-3181-4088-B7FF-AA17F72D56A5}.Release|Any CPU.Build.0 = Release|Any CPU
		{CD79C225-1BE4-4330-81F9-5645314B88C3}.Debug|Any CPU.ActiveCfg = Debug|Any CPU
		{CD79C225-1BE4-4330-81F9-5645314B88C3}.Debug|Any CPU.Build.0 = Debug|Any CPU
		{CD79C225-1BE4-4330-81F9-5645314B88C3}.Release|Any CPU.ActiveCfg = Release|Any CPU
		{CD79C225-1BE4-4330-81F9-5645314B88C3}.Release|Any CPU.Build.0 = Release|Any CPU
	EndGlobalSection
	GlobalSection(SolutionProperties) = preSolution
		HideSolutionNode = FALSE
	EndGlobalSection
	GlobalSection(ExtensibilityGlobals) = postSolution
		SolutionGuid = {E6485D89-122D-4AAB-AA97-09E72ACA552F}
	EndGlobalSection
EndGlobal
